
Microsoft Visual Studio Solution File, Format Version 12.00
# Visual Studio Version 16
VisualStudioVersion = 16.0.30907.101
MinimumVisualStudioVersion = 10.0.40219.1
Project("{FAE04EC0-301F-11D3-BF4B-00C04F79EFBC}") = "YaguareteSystem", "YaguareteSystem\YaguareteSystem.csproj", "{D2AC0A0F-DFC7-465F-B91C-3C7E4CE3E07F}"
EndProject
Global
	GlobalSection(SolutionConfigurationPlatforms) = preSolution
		Debug|Any CPU = Debug|Any CPU
		Release|Any CPU = Release|Any CPU
	EndGlobalSection
	GlobalSection(ProjectConfigurationPlatforms) = postSolution
		{D2AC0A0F-DFC7-465F-B91C-3C7E4CE3E07F}.Debug|Any CPU.ActiveCfg = Debug|Any CPU
		{D2AC0A0F-DFC7-465F-B91C-3C7E4CE3E07F}.Debug|Any CPU.Build.0 = Debug|Any CPU
		{D2AC0A0F-DFC7-465F-B91C-3C7E4CE3E07F}.Release|Any CPU.ActiveCfg = Release|Any CPU
		{D2AC0A0F-DFC7-465F-B91C-3C7E4CE3E07F}.Release|Any CPU.Build.0 = Release|Any CPU
	EndGlobalSection
	GlobalSection(SolutionProperties) = preSolution
		HideSolutionNode = FALSE
	EndGlobalSection
	GlobalSection(ExtensibilityGlobals) = postSolution
		SolutionGuid = {DB0664EC-B2DC-4A01-9CAF-A01D7E3F11F8}
	EndGlobalSection
EndGlobal
